
Microsoft Visual Studio Solution File, Format Version 12.00
# Visual Studio Version 17
VisualStudioVersion = 17.7.34024.191
MinimumVisualStudioVersion = 10.0.40219.1
Project("{FAE04EC0-301F-11D3-BF4B-00C04F79EFBC}") = "pos_point_system", "pos_point_system\pos_point_system.csproj", "{99DB0F02-253B-4578-AD3A-D1AC3C315C94}"
EndProject
Global
	GlobalSection(SolutionConfigurationPlatforms) = preSolution
		Debug|Any CPU = Debug|Any CPU
		Release|Any CPU = Release|Any CPU
	EndGlobalSection
	GlobalSection(ProjectConfigurationPlatforms) = postSolution
		{99DB0F02-253B-4578-AD3A-D1AC3C315C94}.Debug|Any CPU.ActiveCfg = Debug|Any CPU
		{99DB0F02-253B-4578-AD3A-D1AC3C315C94}.Debug|Any CPU.Build.0 = Debug|Any CPU
		{99DB0F02-253B-4578-AD3A-D1AC3C315C94}.Release|Any CPU.ActiveCfg = Release|Any CPU
		{99DB0F02-253B-4578-AD3A-D1AC3C315C94}.Release|Any CPU.Build.0 = Release|Any CPU
	EndGlobalSection
	GlobalSection(SolutionProperties) = preSolution
		HideSolutionNode = FALSE
	EndGlobalSection
	GlobalSection(ExtensibilityGlobals) = postSolution
		SolutionGuid = {25F37964-F635-4F08-9EAB-FA30F88C84E6}
	EndGlobalSection
EndGlobal
